
Microsoft Visual Studio Solution File, Format Version 12.00
# Visual Studio 15
VisualStudioVersion = 15.0.27130.2027
MinimumVisualStudioVersion = 10.0.40219.1
Project("{9A19103F-16F7-4668-BE54-9A1E7A4F7556}") = "StubMiddleware", "src\StubMiddleware\StubMiddleware.csproj", "{4253CF0A-AEFA-4614-8744-4A0022C88A02}"
EndProject
Project("{9A19103F-16F7-4668-BE54-9A1E7A4F7556}") = "StubGenerator", "src\StubMiddleware.Core\StubGenerator.csproj", "{62328D05-B62C-43BB-8A18-BD4C40ECEA02}"
EndProject
Project("{FAE04EC0-301F-11D3-BF4B-00C04F79EFBC}") = "StubGenerator.Test", "src\StubGenerator.Test\StubGenerator.Test.csproj", "{2407E03B-1076-46CE-B4F1-02724D730933}"
EndProject
Global
	GlobalSection(SolutionConfigurationPlatforms) = preSolution
		Debug|Any CPU = Debug|Any CPU
		Release|Any CPU = Release|Any CPU
	EndGlobalSection
	GlobalSection(ProjectConfigurationPlatforms) = postSolution
		{4253CF0A-AEFA-4614-8744-4A0022C88A02}.Debug|Any CPU.ActiveCfg = Debug|Any CPU
		{4253CF0A-AEFA-4614-8744-4A0022C88A02}.Debug|Any CPU.Build.0 = Debug|Any CPU
		{4253CF0A-AEFA-4614-8744-4A0022C88A02}.Release|Any CPU.ActiveCfg = Release|Any CPU
		{4253CF0A-AEFA-4614-8744-4A0022C88A02}.Release|Any CPU.Build.0 = Release|Any CPU
		{62328D05-B62C-43BB-8A18-BD4C40ECEA02}.Debug|Any CPU.ActiveCfg = Debug|Any CPU
		{62328D05-B62C-43BB-8A18-BD4C40ECEA02}.Debug|Any CPU.Build.0 = Debug|Any CPU
		{62328D05-B62C-43BB-8A18-BD4C40ECEA02}.Release|Any CPU.ActiveCfg = Release|Any CPU
		{62328D05-B62C-43BB-8A18-BD4C40ECEA02}.Release|Any CPU.Build.0 = Release|Any CPU
		{2407E03B-1076-46CE-B4F1-02724D730933}.Debug|Any CPU.ActiveCfg = Debug|Any CPU
		{2407E03B-1076-46CE-B4F1-02724D730933}.Debug|Any CPU.Build.0 = Debug|Any CPU
		{2407E03B-1076-46CE-B4F1-02724D730933}.Release|Any CPU.ActiveCfg = Release|Any CPU
		{2407E03B-1076-46CE-B4F1-02724D730933}.Release|Any CPU.Build.0 = Release|Any CPU
	EndGlobalSection
	GlobalSection(SolutionProperties) = preSolution
		HideSolutionNode = FALSE
	EndGlobalSection
	GlobalSection(ExtensibilityGlobals) = postSolution
		SolutionGuid = {635AF52D-1161-479C-A46A-44B09B134B26}
	EndGlobalSection
EndGlobal
