
Microsoft Visual Studio Solution File, Format Version 12.00
# Visual Studio 15
VisualStudioVersion = 15.0.27004.2008
MinimumVisualStudioVersion = 10.0.40219.1
Project("{9A19103F-16F7-4668-BE54-9A1E7A4F7556}") = "StubMiddleware", "src\StubMiddleware\StubMiddleware.csproj", "{4253CF0A-AEFA-4614-8744-4A0022C88A02}"
EndProject
Project("{9A19103F-16F7-4668-BE54-9A1E7A4F7556}") = "StubGenerator", "src\StubMiddleware.Core\StubGenerator.csproj", "{62328D05-B62C-43BB-8A18-BD4C40ECEA02}"
EndProject
Project("{9A19103F-16F7-4668-BE54-9A1E7A4F7556}") = "StubGenerator.Test", "src\StubGenerator.Test\StubGenerator.Test.csproj", "{2407E03B-1076-46CE-B4F1-02724D730933}"
EndProject
Project("{9A19103F-16F7-4668-BE54-9A1E7A4F7556}") = "StubMiddleware.Web.Samples", "src\StubMiddleware.Web.Test\StubMiddleware.Web.Samples.csproj", "{317167C4-04C9-484B-BE73-299C69DEDB2D}"
EndProject
Project("{9A19103F-16F7-4668-BE54-9A1E7A4F7556}") = "StubGenerator.Test.Models", "src\StubGenerator.Test.Models\StubGenerator.Test.Models.csproj", "{8E7F96E9-CB7C-4E2A-BD35-A664910DD0B1}"
EndProject
Global
	GlobalSection(SolutionConfigurationPlatforms) = preSolution
		Debug|Any CPU = Debug|Any CPU
		Release|Any CPU = Release|Any CPU
	EndGlobalSection
	GlobalSection(ProjectConfigurationPlatforms) = postSolution
		{4253CF0A-AEFA-4614-8744-4A0022C88A02}.Debug|Any CPU.ActiveCfg = Debug|Any CPU
		{4253CF0A-AEFA-4614-8744-4A0022C88A02}.Debug|Any CPU.Build.0 = Debug|Any CPU
		{4253CF0A-AEFA-4614-8744-4A0022C88A02}.Release|Any CPU.ActiveCfg = Release|Any CPU
		{4253CF0A-AEFA-4614-8744-4A0022C88A02}.Release|Any CPU.Build.0 = Release|Any CPU
		{62328D05-B62C-43BB-8A18-BD4C40ECEA02}.Debug|Any CPU.ActiveCfg = Debug|Any CPU
		{62328D05-B62C-43BB-8A18-BD4C40ECEA02}.Debug|Any CPU.Build.0 = Debug|Any CPU
		{62328D05-B62C-43BB-8A18-BD4C40ECEA02}.Release|Any CPU.ActiveCfg = Release|Any CPU
		{62328D05-B62C-43BB-8A18-BD4C40ECEA02}.Release|Any CPU.Build.0 = Release|Any CPU
		{2407E03B-1076-46CE-B4F1-02724D730933}.Debug|Any CPU.ActiveCfg = Debug|Any CPU
		{2407E03B-1076-46CE-B4F1-02724D730933}.Debug|Any CPU.Build.0 = Debug|Any CPU
		{2407E03B-1076-46CE-B4F1-02724D730933}.Release|Any CPU.ActiveCfg = Release|Any CPU
		{2407E03B-1076-46CE-B4F1-02724D730933}.Release|Any CPU.Build.0 = Release|Any CPU
		{317167C4-04C9-484B-BE73-299C69DEDB2D}.Debug|Any CPU.ActiveCfg = Debug|Any CPU
		{317167C4-04C9-484B-BE73-299C69DEDB2D}.Debug|Any CPU.Build.0 = Debug|Any CPU
		{317167C4-04C9-484B-BE73-299C69DEDB2D}.Release|Any CPU.ActiveCfg = Release|Any CPU
		{317167C4-04C9-484B-BE73-299C69DEDB2D}.Release|Any CPU.Build.0 = Release|Any CPU
		{8E7F96E9-CB7C-4E2A-BD35-A664910DD0B1}.Debug|Any CPU.ActiveCfg = Debug|Any CPU
		{8E7F96E9-CB7C-4E2A-BD35-A664910DD0B1}.Debug|Any CPU.Build.0 = Debug|Any CPU
		{8E7F96E9-CB7C-4E2A-BD35-A664910DD0B1}.Release|Any CPU.ActiveCfg = Release|Any CPU
		{8E7F96E9-CB7C-4E2A-BD35-A664910DD0B1}.Release|Any CPU.Build.0 = Release|Any CPU
	EndGlobalSection
	GlobalSection(SolutionProperties) = preSolution
		HideSolutionNode = FALSE
	EndGlobalSection
	GlobalSection(ExtensibilityGlobals) = postSolution
		SolutionGuid = {635AF52D-1161-479C-A46A-44B09B134B26}
	EndGlobalSection
EndGlobal
